PODS:
  - KRAnimationKit (0.8.3):
    - KRTimingFunction
  - KRTimingFunction (0.9.1)

DEPENDENCIES:
  - KRAnimationKit (from `../`)
  - KRTimingFunction (from `https://github.com/BridgeTheGap/KRTimingFunction.git`)

EXTERNAL SOURCES:
  KRAnimationKit:
    :path: "../"
  KRTimingFunction:
    :git: https://github.com/BridgeTheGap/KRTimingFunction.git

CHECKOUT OPTIONS:
  KRTimingFunction:
    :commit: 31fdab717cf0b9d82a6a394722aedf619e90fff6
    :git: https://github.com/BridgeTheGap/KRTimingFunction.git

SPEC CHECKSUMS:
  KRAnimationKit: c36764ae700cd16b929a0f645d3c5dcdb49ba136
  KRTimingFunction: 78e502786e657c880a890b675633a766a54240a0

COCOAPODS: 0.39.0
