PODS:
  - KRAnimationKit (0.8.2):
    - KRTimingFunction
  - KRTimingFunction (0.9.1)

DEPENDENCIES:
  - KRAnimationKit (from `../`)
  - KRTimingFunction (from `https://github.com/BridgeTheGap/KRTimingFunction.git`)

EXTERNAL SOURCES:
  KRAnimationKit:
    :path: "../"
  KRTimingFunction:
    :git: https://github.com/BridgeTheGap/KRTimingFunction.git
    :submodules: true

CHECKOUT OPTIONS:
  KRTimingFunction:
    :commit: df1f44060abf65835c19b18d40bff2d0d964c245
    :git: https://github.com/BridgeTheGap/KRTimingFunction.git

SPEC CHECKSUMS:
  KRAnimationKit: 904cc9eb17990e24b23e7672934fcaa4cb38d608
  KRTimingFunction: 78e502786e657c880a890b675633a766a54240a0

COCOAPODS: 0.39.0
