PODS:
  - KRAnimation (0.1.0)
  - KRTimingFunction (0.2.2)

DEPENDENCIES:
  - KRAnimation (from `../`)
  - KRTimingFunction (from `https://github.com/BridgeTheGap/KRTimingFunction.git`)

EXTERNAL SOURCES:
  KRAnimation:
    :path: "../"
  KRTimingFunction:
    :git: https://github.com/BridgeTheGap/KRTimingFunction.git
    :submodules: true

CHECKOUT OPTIONS:
  KRTimingFunction:
    :commit: 65b36f700c826c72dbc00b83297ad13cda20a0fa
    :git: https://github.com/BridgeTheGap/KRTimingFunction.git

SPEC CHECKSUMS:
  KRAnimation: 45a98b10dcf4fa6a84a5000d4acc5257a788e65f
  KRTimingFunction: bc55e462cab7c74dd5c9207a5021fef4dd472ec3

COCOAPODS: 0.39.0
